// !$*UTF8*$!
{
	archiveVersion = 1;
	classes = {
	};
	objectVersion = 46;
	objects = {

/* Begin PBXBuildFile section */
		D2087EA11F95A035001BCA8E /* main.m in Sources */ = {isa = PBXBuildFile; fileRef = D2087EA01F95A035001BCA8E /* main.m */; };
		D2087EA41F95A035001BCA8E /* AppDelegate.m in Sources */ = {isa = PBXBuildFile; fileRef = D2087EA31F95A035001BCA8E /* AppDelegate.m */; };
		D2087EAA1F95A035001BCA8E /* Main.storyboard in Resources */ = {isa = PBXBuildFile; fileRef = D2087EA81F95A035001BCA8E /* Main.storyboard */; };
		D2087EAC1F95A035001BCA8E /* Assets.xcassets in Resources */ = {isa = PBXBuildFile; fileRef = D2087EAB1F95A035001BCA8E /* Assets.xcassets */; };
		D2087EAF1F95A035001BCA8E /* LaunchScreen.storyboard in Resources */ = {isa = PBXBuildFile; fileRef = D2087EAD1F95A035001BCA8E /* LaunchScreen.storyboard */; };
		D2087EBA1F95A035001BCA8E /* TabBarControllerTests.m in Sources */ = {isa = PBXBuildFile; fileRef = D2087EB91F95A035001BCA8E /* TabBarControllerTests.m */; };
		D2087EC51F95A035001BCA8E /* TabBarControllerUITests.m in Sources */ = {isa = PBXBuildFile; fileRef = D2087EC41F95A035001BCA8E /* TabBarControllerUITests.m */; };
		D2087ED41F95A098001BCA8E /* TabBarController.m in Sources */ = {isa = PBXBuildFile; fileRef = D2087ED31F95A098001BCA8E /* TabBarController.m */; };
		D2087EDA1F95A390001BCA8E /* NavgationViewController.m in Sources */ = {isa = PBXBuildFile; fileRef = D2087ED91F95A390001BCA8E /* NavgationViewController.m */; };
		D2087EDD1F95A40B001BCA8E /* UIView+XMGExtension.m in Sources */ = {isa = PBXBuildFile; fileRef = D2087EDC1F95A40B001BCA8E /* UIView+XMGExtension.m */; };
		D2087EE11F95A4AF001BCA8E /* ViewController.m in Sources */ = {isa = PBXBuildFile; fileRef = D2087EE01F95A4AF001BCA8E /* ViewController.m */; };
		D2087EE41F95B66C001BCA8E /* NextViewController.m in Sources */ = {isa = PBXBuildFile; fileRef = D2087EE31F95B66C001BCA8E /* NextViewController.m */; };
/* End PBXBuildFile section */

/* Begin PBXContainerItemProxy section */
		D2087EB61F95A035001BCA8E /* PBXContainerItemProxy */ = {
			isa = PBXContainerItemProxy;
			containerPortal = D2087E941F95A035001BCA8E /* Project object */;
			proxyType = 1;
			remoteGlobalIDString = D2087E9B1F95A035001BCA8E;
			remoteInfo = TabBarController;
		};
		D2087EC11F95A035001BCA8E /* PBXContainerItemProxy */ = {
			isa = PBXContainerItemProxy;
			containerPortal = D2087E941F95A035001BCA8E /* Project object */;
			proxyType = 1;
			remoteGlobalIDString = D2087E9B1F95A035001BCA8E;
			remoteInfo = TabBarController;
		};
/* End PBXContainerItemProxy section */

/* Begin PBXFileReference section */
		D2087E9C1F95A035001BCA8E /* TabBarController.app */ = {isa = PBXFileReference; explicitFileType = wrapper.application; includeInIndex = 0; path = TabBarController.app; sourceTree = BUILT_PRODUCTS_DIR; };
		D2087EA01F95A035001BCA8E /* main.m */ = {isa = PBXFileReference; lastKnownFileType = sourcecode.c.objc; path = main.m; sourceTree = "<group>"; };
		D2087EA21F95A035001BCA8E /* AppDelegate.h */ = {isa = PBXFileReference; lastKnownFileType = sourcecode.c.h; path = AppDelegate.h; sourceTree = "<group>"; };
		D2087EA31F95A035001BCA8E /* AppDelegate.m */ = {isa = PBXFileReference; lastKnownFileType = sourcecode.c.objc; path = AppDelegate.m; sourceTree = "<group>"; };
		D2087EA91F95A035001BCA8E /* Base */ = {isa = PBXFileReference; lastKnownFileType = file.storyboard; name = Base; path = Base.lproj/Main.storyboard; sourceTree = "<group>"; };
		D2087EAB1F95A035001BCA8E /* Assets.xcassets */ = {isa = PBXFileReference; lastKnownFileType = folder.assetcatalog; path = Assets.xcassets; sourceTree = "<group>"; };
		D2087EAE1F95A035001BCA8E /* Base */ = {isa = PBXFileReference; lastKnownFileType = file.storyboard; name = Base; path = Base.lproj/LaunchScreen.storyboard; sourceTree = "<group>"; };
		D2087EB01F95A035001BCA8E /* Info.plist */ = {isa = PBXFileReference; lastKnownFileType = text.plist.xml; path = Info.plist; sourceTree = "<group>"; };
		D2087EB51F95A035001BCA8E /* TabBarControllerTests.xctest */ = {isa = PBXFileReference; explicitFileType = wrapper.cfbundle; includeInIndex = 0; path = TabBarControllerTests.xctest; sourceTree = BUILT_PRODUCTS_DIR; };
		D2087EB91F95A035001BCA8E /* TabBarControllerTests.m */ = {isa = PBXFileReference; lastKnownFileType = sourcecode.c.objc; path = TabBarControllerTests.m; sourceTree = "<group>"; };
		D2087EBB1F95A035001BCA8E /* Info.plist */ = {isa = PBXFileReference; lastKnownFileType = text.plist.xml; path = Info.plist; sourceTree = "<group>"; };
		D2087EC01F95A035001BCA8E /* TabBarControllerUITests.xctest */ = {isa = PBXFileReference; explicitFileType = wrapper.cfbundle; includeInIndex = 0; path = TabBarControllerUITests.xctest; sourceTree = BUILT_PRODUCTS_DIR; };
		D2087EC41F95A035001BCA8E /* TabBarControllerUITests.m */ = {isa = PBXFileReference; lastKnownFileType = sourcecode.c.objc; path = TabBarControllerUITests.m; sourceTree = "<group>"; };
		D2087EC61F95A035001BCA8E /* Info.plist */ = {isa = PBXFileReference; lastKnownFileType = text.plist.xml; path = Info.plist; sourceTree = "<group>"; };
		D2087ED21F95A098001BCA8E /* TabBarController.h */ = {isa = PBXFileReference; fileEncoding = 4; lastKnownFileType = sourcecode.c.h; path = TabBarController.h; sourceTree = "<group>"; };
		D2087ED31F95A098001BCA8E /* TabBarController.m */ = {isa = PBXFileReference; fileEncoding = 4; lastKnownFileType = sourcecode.c.objc; path = TabBarController.m; sourceTree = "<group>"; };
		D2087ED81F95A390001BCA8E /* NavgationViewController.h */ = {isa = PBXFileReference; fileEncoding = 4; lastKnownFileType = sourcecode.c.h; path = NavgationViewController.h; sourceTree = "<group>"; };
		D2087ED91F95A390001BCA8E /* NavgationViewController.m */ = {isa = PBXFileReference; fileEncoding = 4; lastKnownFileType = sourcecode.c.objc; path = NavgationViewController.m; sourceTree = "<group>"; };
		D2087EDB1F95A40B001BCA8E /* UIView+XMGExtension.h */ = {isa = PBXFileReference; fileEncoding = 4; lastKnownFileType = sourcecode.c.h; path = "UIView+XMGExtension.h"; sourceTree = "<group>"; };
		D2087EDC1F95A40B001BCA8E /* UIView+XMGExtension.m */ = {isa = PBXFileReference; fileEncoding = 4; lastKnownFileType = sourcecode.c.objc; path = "UIView+XMGExtension.m"; sourceTree = "<group>"; };
		D2087EDF1F95A4AF001BCA8E /* ViewController.h */ = {isa = PBXFileReference; fileEncoding = 4; lastKnownFileType = sourcecode.c.h; path = ViewController.h; sourceTree = "<group>"; };
		D2087EE01F95A4AF001BCA8E /* ViewController.m */ = {isa = PBXFileReference; fileEncoding = 4; lastKnownFileType = sourcecode.c.objc; path = ViewController.m; sourceTree = "<group>"; };
		D2087EE21F95B66C001BCA8E /* NextViewController.h */ = {isa = PBXFileReference; fileEncoding = 4; lastKnownFileType = sourcecode.c.h; path = NextViewController.h; sourceTree = "<group>"; };
		D2087EE31F95B66C001BCA8E /* NextViewController.m */ = {isa = PBXFileReference; fileEncoding = 4; lastKnownFileType = sourcecode.c.objc; path = NextViewController.m; sourceTree = "<group>"; };
/* End PBXFileReference section */

/* Begin PBXFrameworksBuildPhase section */
		D2087E991F95A035001BCA8E /* Frameworks */ = {
			isa = PBXFrameworksBuildPhase;
			buildActionMask = 2147483647;
			files = (
			);
			runOnlyForDeploymentPostprocessing = 0;
		};
		D2087EB21F95A035001BCA8E /* Frameworks */ = {
			isa = PBXFrameworksBuildPhase;
			buildActionMask = 2147483647;
			files = (
			);
			runOnlyForDeploymentPostprocessing = 0;
		};
		D2087EBD1F95A035001BCA8E /* Frameworks */ = {
			isa = PBXFrameworksBuildPhase;
			buildActionMask = 2147483647;
			files = (
			);
			runOnlyForDeploymentPostprocessing = 0;
		};
/* End PBXFrameworksBuildPhase section */

/* Begin PBXGroup section */
		D2087E931F95A035001BCA8E = {
			isa = PBXGroup;
			children = (
				D2087E9E1F95A035001BCA8E /* TabBarController */,
				D2087EB81F95A035001BCA8E /* TabBarControllerTests */,
				D2087EC31F95A035001BCA8E /* TabBarControllerUITests */,
				D2087E9D1F95A035001BCA8E /* Products */,
			);
			sourceTree = "<group>";
		};
		D2087E9D1F95A035001BCA8E /* Products */ = {
			isa = PBXGroup;
			children = (
				D2087E9C1F95A035001BCA8E /* TabBarController.app */,
				D2087EB51F95A035001BCA8E /* TabBarControllerTests.xctest */,
				D2087EC01F95A035001BCA8E /* TabBarControllerUITests.xctest */,
			);
			name = Products;
			sourceTree = "<group>";
		};
		D2087E9E1F95A035001BCA8E /* TabBarController */ = {
			isa = PBXGroup;
			children = (
				D2087EA21F95A035001BCA8E /* AppDelegate.h */,
				D2087EA31F95A035001BCA8E /* AppDelegate.m */,
				D2087EDF1F95A4AF001BCA8E /* ViewController.h */,
				D2087EE01F95A4AF001BCA8E /* ViewController.m */,
				D2087EE21F95B66C001BCA8E /* NextViewController.h */,
				D2087EE31F95B66C001BCA8E /* NextViewController.m */,
				D2087EDE1F95A40F001BCA8E /* Other */,
				D2087ED71F95A368001BCA8E /* NavgationController */,
				D2087ED51F95A245001BCA8E /* TabBarController */,
				D2087EA81F95A035001BCA8E /* Main.storyboard */,
				D2087EAB1F95A035001BCA8E /* Assets.xcassets */,
				D2087EAD1F95A035001BCA8E /* LaunchScreen.storyboard */,
				D2087EB01F95A035001BCA8E /* Info.plist */,
				D2087E9F1F95A035001BCA8E /* Supporting Files */,
			);
			path = TabBarController;
			sourceTree = "<group>";
		};
		D2087E9F1F95A035001BCA8E /* Supporting Files */ = {
			isa = PBXGroup;
			children = (
				D2087EA01F95A035001BCA8E /* main.m */,
			);
			name = "Supporting Files";
			sourceTree = "<group>";
		};
		D2087EB81F95A035001BCA8E /* TabBarControllerTests */ = {
			isa = PBXGroup;
			children = (
				D2087EB91F95A035001BCA8E /* TabBarControllerTests.m */,
				D2087EBB1F95A035001BCA8E /* Info.plist */,
			);
			path = TabBarControllerTests;
			sourceTree = "<group>";
		};
		D2087EC31F95A035001BCA8E /* TabBarControllerUITests */ = {
			isa = PBXGroup;
			children = (
				D2087EC41F95A035001BCA8E /* TabBarControllerUITests.m */,
				D2087EC61F95A035001BCA8E /* Info.plist */,
			);
			path = TabBarControllerUITests;
			sourceTree = "<group>";
		};
		D2087ED51F95A245001BCA8E /* TabBarController */ = {
			isa = PBXGroup;
			children = (
				D2087ED21F95A098001BCA8E /* TabBarController.h */,
				D2087ED31F95A098001BCA8E /* TabBarController.m */,
			);
			name = TabBarController;
			sourceTree = "<group>";
		};
		D2087ED71F95A368001BCA8E /* NavgationController */ = {
			isa = PBXGroup;
			children = (
				D2087ED81F95A390001BCA8E /* NavgationViewController.h */,
				D2087ED91F95A390001BCA8E /* NavgationViewController.m */,
			);
			name = NavgationController;
			sourceTree = "<group>";
		};
		D2087EDE1F95A40F001BCA8E /* Other */ = {
			isa = PBXGroup;
			children = (
				D2087EDB1F95A40B001BCA8E /* UIView+XMGExtension.h */,
				D2087EDC1F95A40B001BCA8E /* UIView+XMGExtension.m */,
			);
			name = Other;
			sourceTree = "<group>";
		};
/* End PBXGroup section */

/* Begin PBXNativeTarget section */
		D2087E9B1F95A035001BCA8E /* TabBarController */ = {
			isa = PBXNativeTarget;
			buildConfigurationList = D2087EC91F95A035001BCA8E /* Build configuration list for PBXNativeTarget "TabBarController" */;
			buildPhases = (
				D2087E981F95A035001BCA8E /* Sources */,
				D2087E991F95A035001BCA8E /* Frameworks */,
				D2087E9A1F95A035001BCA8E /* Resources */,
			);
			buildRules = (
			);
			dependencies = (
			);
			name = TabBarController;
			productName = TabBarController;
			productReference = D2087E9C1F95A035001BCA8E /* TabBarController.app */;
			productType = "com.apple.product-type.application";
		};
		D2087EB41F95A035001BCA8E /* TabBarControllerTests */ = {
			isa = PBXNativeTarget;
			buildConfigurationList = D2087ECC1F95A035001BCA8E /* Build configuration list for PBXNativeTarget "TabBarControllerTests" */;
			buildPhases = (
				D2087EB11F95A035001BCA8E /* Sources */,
				D2087EB21F95A035001BCA8E /* Frameworks */,
				D2087EB31F95A035001BCA8E /* Resources */,
			);
			buildRules = (
			);
			dependencies = (
				D2087EB71F95A035001BCA8E /* PBXTargetDependency */,
			);
			name = TabBarControllerTests;
			productName = TabBarControllerTests;
			productReference = D2087EB51F95A035001BCA8E /* TabBarControllerTests.xctest */;
			productType = "com.apple.product-type.bundle.unit-test";
		};
		D2087EBF1F95A035001BCA8E /* TabBarControllerUITests */ = {
			isa = PBXNativeTarget;
			buildConfigurationList = D2087ECF1F95A035001BCA8E /* Build configuration list for PBXNativeTarget "TabBarControllerUITests" */;
			buildPhases = (
				D2087EBC1F95A035001BCA8E /* Sources */,
				D2087EBD1F95A035001BCA8E /* Frameworks */,
				D2087EBE1F95A035001BCA8E /* Resources */,
			);
			buildRules = (
			);
			dependencies = (
				D2087EC21F95A035001BCA8E /* PBXTargetDependency */,
			);
			name = TabBarControllerUITests;
			productName = TabBarControllerUITests;
			productReference = D2087EC01F95A035001BCA8E /* TabBarControllerUITests.xctest */;
			productType = "com.apple.product-type.bundle.ui-testing";
		};
/* End PBXNativeTarget section */

/* Begin PBXProject section */
		D2087E941F95A035001BCA8E /* Project object */ = {
			isa = PBXProject;
			attributes = {
				LastUpgradeCheck = 0830;
				ORGANIZATIONNAME = gocomtech;
				TargetAttributes = {
					D2087E9B1F95A035001BCA8E = {
						CreatedOnToolsVersion = 8.3.3;
						DevelopmentTeam = 6KU368K7QY;
						ProvisioningStyle = Automatic;
					};
					D2087EB41F95A035001BCA8E = {
						CreatedOnToolsVersion = 8.3.3;
						ProvisioningStyle = Automatic;
						TestTargetID = D2087E9B1F95A035001BCA8E;
					};
					D2087EBF1F95A035001BCA8E = {
						CreatedOnToolsVersion = 8.3.3;
						ProvisioningStyle = Automatic;
						TestTargetID = D2087E9B1F95A035001BCA8E;
					};
				};
			};
			buildConfigurationList = D2087E971F95A035001BCA8E /* Build configuration list for PBXProject "TabBarController" */;
			compatibilityVersion = "Xcode 3.2";
			developmentRegion = English;
			hasScannedForEncodings = 0;
			knownRegions = (
				en,
				Base,
			);
			mainGroup = D2087E931F95A035001BCA8E;
			productRefGroup = D2087E9D1F95A035001BCA8E /* Products */;
			projectDirPath = "";
			projectRoot = "";
			targets = (
				D2087E9B1F95A035001BCA8E /* TabBarController */,
				D2087EB41F95A035001BCA8E /* TabBarControllerTests */,
				D2087EBF1F95A035001BCA8E /* TabBarControllerUITests */,
			);
		};
/* End PBXProject section */

/* Begin PBXResourcesBuildPhase section */
		D2087E9A1F95A035001BCA8E /* Resources */ = {
			isa = PBXResourcesBuildPhase;
			buildActionMask = 2147483647;
			files = (
				D2087EAF1F95A035001BCA8E /* LaunchScreen.storyboard in Resources */,
				D2087EAC1F95A035001BCA8E /* Assets.xcassets in Resources */,
				D2087EAA1F95A035001BCA8E /* Main.storyboard in Resources */,
			);
			runOnlyForDeploymentPostprocessing = 0;
		};
		D2087EB31F95A035001BCA8E /* Resources */ = {
			isa = PBXResourcesBuildPhase;
			buildActionMask = 2147483647;
			files = (
			);
			runOnlyForDeploymentPostprocessing = 0;
		};
		D2087EBE1F95A035001BCA8E /* Resources */ = {
			isa = PBXResourcesBuildPhase;
			buildActionMask = 2147483647;
			files = (
			);
			runOnlyForDeploymentPostprocessing = 0;
		};
/* End PBXResourcesBuildPhase section */

/* Begin PBXSourcesBuildPhase section */
		D2087E981F95A035001BCA8E /* Sources */ = {
			isa = PBXSourcesBuildPhase;
			buildActionMask = 2147483647;
			files = (
				D2087EE11F95A4AF001BCA8E /* ViewController.m in Sources */,
				D2087EDD1F95A40B001BCA8E /* UIView+XMGExtension.m in Sources */,
				D2087ED41F95A098001BCA8E /* TabBarController.m in Sources */,
				D2087EDA1F95A390001BCA8E /* NavgationViewController.m in Sources */,
				D2087EE41F95B66C001BCA8E /* NextViewController.m in Sources */,
				D2087EA41F95A035001BCA8E /* AppDelegate.m in Sources */,
				D2087EA11F95A035001BCA8E /* main.m in Sources */,
			);
			runOnlyForDeploymentPostprocessing = 0;
		};
		D2087EB11F95A035001BCA8E /* Sources */ = {
			isa = PBXSourcesBuildPhase;
			buildActionMask = 2147483647;
			files = (
				D2087EBA1F95A035001BCA8E /* TabBarControllerTests.m in Sources */,
			);
			runOnlyForDeploymentPostprocessing = 0;
		};
		D2087EBC1F95A035001BCA8E /* Sources */ = {
			isa = PBXSourcesBuildPhase;
			buildActionMask = 2147483647;
			files = (
				D2087EC51F95A035001BCA8E /* TabBarControllerUITests.m in Sources */,
			);
			runOnlyForDeploymentPostprocessing = 0;
		};
/* End PBXSourcesBuildPhase section */

/* Begin PBXTargetDependency section */
		D2087EB71F95A035001BCA8E /* PBXTargetDependency */ = {
			isa = PBXTargetDependency;
			target = D2087E9B1F95A035001BCA8E /* TabBarController */;
			targetProxy = D2087EB61F95A035001BCA8E /* PBXContainerItemProxy */;
		};
		D2087EC21F95A035001BCA8E /* PBXTargetDependency */ = {
			isa = PBXTargetDependency;
			target = D2087E9B1F95A035001BCA8E /* TabBarController */;
			targetProxy = D2087EC11F95A035001BCA8E /* PBXContainerItemProxy */;
		};
/* End PBXTargetDependency section */

/* Begin PBXVariantGroup section */
		D2087EA81F95A035001BCA8E /* Main.storyboard */ = {
			isa = PBXVariantGroup;
			children = (
				D2087EA91F95A035001BCA8E /* Base */,
			);
			name = Main.storyboard;
			sourceTree = "<group>";
		};
		D2087EAD1F95A035001BCA8E /* LaunchScreen.storyboard */ = {
			isa = PBXVariantGroup;
			children = (
				D2087EAE1F95A035001BCA8E /* Base */,
			);
			name = LaunchScreen.storyboard;
			sourceTree = "<group>";
		};
/* End PBXVariantGroup section */

/* Begin XCBuildConfiguration section */
		D2087EC71F95A035001BCA8E /* Debug */ = {
			isa = XCBuildConfiguration;
			buildSettings = {
				ALWAYS_SEARCH_USER_PATHS = NO;
				CLANG_ANALYZER_NONNULL = YES;
				CLANG_ANALYZER_NUMBER_OBJECT_CONVERSION = YES_AGGRESSIVE;
				CLANG_CXX_LANGUAGE_STANDARD = "gnu++0x";
				CLANG_CXX_LIBRARY = "libc++";
				CLANG_ENABLE_MODULES = YES;
				CLANG_ENABLE_OBJC_ARC = YES;
				CLANG_WARN_BOOL_CONVERSION = YES;
				CLANG_WARN_CONSTANT_CONVERSION = YES;
				CLANG_WARN_DIRECT_OBJC_ISA_USAGE = YES_ERROR;
				CLANG_WARN_DOCUMENTATION_COMMENTS = YES;
				CLANG_WARN_EMPTY_BODY = YES;
				CLANG_WARN_ENUM_CONVERSION = YES;
				CLANG_WARN_INFINITE_RECURSION = YES;
				CLANG_WARN_INT_CONVERSION = YES;
				CLANG_WARN_OBJC_ROOT_CLASS = YES_ERROR;
				CLANG_WARN_SUSPICIOUS_MOVE = YES;
				CLANG_WARN_UNREACHABLE_CODE = YES;
				CLANG_WARN__DUPLICATE_METHOD_MATCH = YES;
				"CODE_SIGN_IDENTITY[sdk=iphoneos*]" = "iPhone Developer";
				COPY_PHASE_STRIP = NO;
				DEBUG_INFORMATION_FORMAT = dwarf;
				ENABLE_STRICT_OBJC_MSGSEND = YES;
				ENABLE_TESTABILITY = YES;
				GCC_C_LANGUAGE_STANDARD = gnu99;
				GCC_DYNAMIC_NO_PIC = NO;
				GCC_NO_COMMON_BLOCKS = YES;
				GCC_OPTIMIZATION_LEVEL = 0;
				GCC_PREPROCESSOR_DEFINITIONS = (
					"DEBUG=1",
					"$(inherited)",
				);
				GCC_WARN_64_TO_32_BIT_CONVERSION = YES;
				GCC_WARN_ABOUT_RETURN_TYPE = YES_ERROR;
				GCC_WARN_UNDECLARED_SELECTOR = YES;
				GCC_WARN_UNINITIALIZED_AUTOS = YES_AGGRESSIVE;
				GCC_WARN_UNUSED_FUNCTION = YES;
				GCC_WARN_UNUSED_VARIABLE = YES;
				IPHONEOS_DEPLOYMENT_TARGET = 10.3;
				MTL_ENABLE_DEBUG_INFO = YES;
				ONLY_ACTIVE_ARCH = YES;
				SDKROOT = iphoneos;
			};
			name = Debug;
		};
		D2087EC81F95A035001BCA8E /* Release */ = {
			isa = XCBuildConfiguration;
			buildSettings = {
				ALWAYS_SEARCH_USER_PATHS = NO;
				CLANG_ANALYZER_NONNULL = YES;
				CLANG_ANALYZER_NUMBER_OBJECT_CONVERSION = YES_AGGRESSIVE;
				CLANG_CXX_LANGUAGE_STANDARD = "gnu++0x";
				CLANG_CXX_LIBRARY = "libc++";
				CLANG_ENABLE_MODULES = YES;
				CLANG_ENABLE_OBJC_ARC = YES;
				CLANG_WARN_BOOL_CONVERSION = YES;
				CLANG_WARN_CONSTANT_CONVERSION = YES;
				CLANG_WARN_DIRECT_OBJC_ISA_USAGE = YES_ERROR;
				CLANG_WARN_DOCUMENTATION_COMMENTS = YES;
				CLANG_WARN_EMPTY_BODY = YES;
				CLANG_WARN_ENUM_CONVERSION = YES;
				CLANG_WARN_INFINITE_RECURSION = YES;
				CLANG_WARN_INT_CONVERSION = YES;
				CLANG_WARN_OBJC_ROOT_CLASS = YES_ERROR;
				CLANG_WARN_SUSPICIOUS_MOVE = YES;
				CLANG_WARN_UNREACHABLE_CODE = YES;
				CLANG_WARN__DUPLICATE_METHOD_MATCH = YES;
				"CODE_SIGN_IDENTITY[sdk=iphoneos*]" = "iPhone Developer";
				COPY_PHASE_STRIP = NO;
				DEBUG_INFORMATION_FORMAT = "dwarf-with-dsym";
				ENABLE_NS_ASSERTIONS = NO;
				ENABLE_STRICT_OBJC_MSGSEND = YES;
				GCC_C_LANGUAGE_STANDARD = gnu99;
				GCC_NO_COMMON_BLOCKS = YES;
				GCC_WARN_64_TO_32_BIT_CONVERSION = YES;
				GCC_WARN_ABOUT_RETURN_TYPE = YES_ERROR;
				GCC_WARN_UNDECLARED_SELECTOR = YES;
				GCC_WARN_UNINITIALIZED_AUTOS = YES_AGGRESSIVE;
				GCC_WARN_UNUSED_FUNCTION = YES;
				GCC_WARN_UNUSED_VARIABLE = YES;
				IPHONEOS_DEPLOYMENT_TARGET = 10.3;
				MTL_ENABLE_DEBUG_INFO = NO;
				SDKROOT = iphoneos;
				VALIDATE_PRODUCT = YES;
			};
			name = Release;
		};
		D2087ECA1F95A035001BCA8E /* Debug */ = {
			isa = XCBuildConfiguration;
			buildSettings = {
				ASSETCATALOG_COMPILER_APPICON_NAME = AppIcon;
				DEVELOPMENT_TEAM = 6KU368K7QY;
				INFOPLIST_FILE = TabBarController/Info.plist;
				LD_RUNPATH_SEARCH_PATHS = "$(inherited) @executable_path/Frameworks";
				PRODUCT_BUNDLE_IDENTIFIER = com.smartdot.1111;
				PRODUCT_NAME = "$(TARGET_NAME)";
			};
			name = Debug;
		};
		D2087ECB1F95A035001BCA8E /* Release */ = {
			isa = XCBuildConfiguration;
			buildSettings = {
				ASSETCATALOG_COMPILER_APPICON_NAME = AppIcon;
				DEVELOPMENT_TEAM = 6KU368K7QY;
				INFOPLIST_FILE = TabBarController/Info.plist;
				LD_RUNPATH_SEARCH_PATHS = "$(inherited) @executable_path/Frameworks";
				PRODUCT_BUNDLE_IDENTIFIER = com.smartdot.1111;
				PRODUCT_NAME = "$(TARGET_NAME)";
			};
			name = Release;
		};
		D2087ECD1F95A035001BCA8E /* Debug */ = {
			isa = XCBuildConfiguration;
			buildSettings = {
				BUNDLE_LOADER = "$(TEST_HOST)";
				INFOPLIST_FILE = TabBarControllerTests/Info.plist;
				LD_RUNPATH_SEARCH_PATHS = "$(inherited) @executable_path/Frameworks @loader_path/Frameworks";
				PRODUCT_BUNDLE_IDENTIFIER = com.smartdot.TabBarControllerTests;
				PRODUCT_NAME = "$(TARGET_NAME)";
				TEST_HOST = "$(BUILT_PRODUCTS_DIR)/TabBarController.app/TabBarController";
			};
			name = Debug;
		};
		D2087ECE1F95A035001BCA8E /* Release */ = {
			isa = XCBuildConfiguration;
			buildSettings = {
				BUNDLE_LOADER = "$(TEST_HOST)";
				INFOPLIST_FILE = TabBarControllerTests/Info.plist;
				LD_RUNPATH_SEARCH_PATHS = "$(inherited) @executable_path/Frameworks @loader_path/Frameworks";
				PRODUCT_BUNDLE_IDENTIFIER = com.smartdot.TabBarControllerTests;
				PRODUCT_NAME = "$(TARGET_NAME)";
				TEST_HOST = "$(BUILT_PRODUCTS_DIR)/TabBarController.app/TabBarController";
			};
			name = Release;
		};
		D2087ED01F95A035001BCA8E /* Debug */ = {
			isa = XCBuildConfiguration;
			buildSettings = {
				INFOPLIST_FILE = TabBarControllerUITests/Info.plist;
				LD_RUNPATH_SEARCH_PATHS = "$(inherited) @executable_path/Frameworks @loader_path/Frameworks";
				PRODUCT_BUNDLE_IDENTIFIER = com.smartdot.TabBarControllerUITests;
				PRODUCT_NAME = "$(TARGET_NAME)";
				TEST_TARGET_NAME = TabBarController;
			};
			name = Debug;
		};
		D2087ED11F95A035001BCA8E /* Release */ = {
			isa = XCBuildConfiguration;
			buildSettings = {
				INFOPLIST_FILE = TabBarControllerUITests/Info.plist;
				LD_RUNPATH_SEARCH_PATHS = "$(inherited) @executable_path/Frameworks @loader_path/Frameworks";
				PRODUCT_BUNDLE_IDENTIFIER = com.smartdot.TabBarControllerUITests;
				PRODUCT_NAME = "$(TARGET_NAME)";
				TEST_TARGET_NAME = TabBarController;
			};
			name = Release;
		};
/* End XCBuildConfiguration section */

/* Begin XCConfigurationList section */
		D2087E971F95A035001BCA8E /* Build configuration list for PBXProject "TabBarController" */ = {
			isa = XCConfigurationList;
			buildConfigurations = (
				D2087EC71F95A035001BCA8E /* Debug */,
				D2087EC81F95A035001BCA8E /* Release */,
			);
			defaultConfigurationIsVisible = 0;
			defaultConfigurationName = Release;
		};
		D2087EC91F95A035001BCA8E /* Build configuration list for PBXNativeTarget "TabBarController" */ = {
			isa = XCConfigurationList;
			buildConfigurations = (
				D2087ECA1F95A035001BCA8E /* Debug */,
				D2087ECB1F95A035001BCA8E /* Release */,
			);
			defaultConfigurationIsVisible = 0;
		};
		D2087ECC1F95A035001BCA8E /* Build configuration list for PBXNativeTarget "TabBarControllerTests" */ = {
			isa = XCConfigurationList;
			buildConfigurations = (
				D2087ECD1F95A035001BCA8E /* Debug */,
				D2087ECE1F95A035001BCA8E /* Release */,
			);
			defaultConfigurationIsVisible = 0;
		};
		D2087ECF1F95A035001BCA8E /* Build configuration list for PBXNativeTarget "TabBarControllerUITests" */ = {
			isa = XCConfigurationList;
			buildConfigurations = (
				D2087ED01F95A035001BCA8E /* Debug */,
				D2087ED11F95A035001BCA8E /* Release */,
			);
			defaultConfigurationIsVisible = 0;
		};
/* End XCConfigurationList section */
	};
	rootObject = D2087E941F95A035001BCA8E /* Project object */;
}
